<?xml version="1.0" encoding="utf-8"?>
<Project ToolsVersion="4.0" xmlns="http://schemas.microsoft.com/developer/msbuild/2003">
  <ItemGroup>
    <Filter Include="src">
      <UniqueIdentifier>{66031578-6611-4025-955d-0fed4f9bae8b}</UniqueIdentifier>
    </Filter>
    <Filter Include="header">
      <UniqueIdentifier>{b1b4c6b1-c21c-4732-804d-d3a19e4e7379}</UniqueIdentifier>
    </Filter>
  </ItemGroup>
  <ItemGroup>
    <ClCompile Include="raytracing.cpp">
      <Filter>src</Filter>
    </ClCompile>
    <ClCompile Include="openmp_ray.cpp">
      <Filter>src</Filter>
    </ClCompile>
  </ItemGroup>
  <ItemGroup>
    <ClInclude Include="sphere.h">
      <Filter>header</Filter>
    </ClInclude>
    <ClInclude Include="openmp_ray.h">
      <Filter>header</Filter>
    </ClInclude>
  </ItemGroup>
</Project>